
Microsoft Visual Studio Solution File, Format Version 12.00
# Visual Studio Version 17
VisualStudioVersion = 17.4.33205.214
MinimumVisualStudioVersion = 10.0.40219.1
Project("{FAE04EC0-301F-11D3-BF4B-00C04F79EFBC}") = "LottoProject", "LottoProject\LottoProject.csproj", "{274AB517-8620-4D3E-925B-F633587B853B}"
EndProject
Global
	GlobalSection(SolutionConfigurationPlatforms) = preSolution
		Debug|Any CPU = Debug|Any CPU
		Release|Any CPU = Release|Any CPU
	EndGlobalSection
	GlobalSection(ProjectConfigurationPlatforms) = postSolution
		{274AB517-8620-4D3E-925B-F633587B853B}.Debug|Any CPU.ActiveCfg = Debug|Any CPU
		{274AB517-8620-4D3E-925B-F633587B853B}.Debug|Any CPU.Build.0 = Debug|Any CPU
		{274AB517-8620-4D3E-925B-F633587B853B}.Release|Any CPU.ActiveCfg = Release|Any CPU
		{274AB517-8620-4D3E-925B-F633587B853B}.Release|Any CPU.Build.0 = Release|Any CPU
	EndGlobalSection
	GlobalSection(SolutionProperties) = preSolution
		HideSolutionNode = FALSE
	EndGlobalSection
	GlobalSection(ExtensibilityGlobals) = postSolution
		SolutionGuid = {CF59F0D1-1204-4D4E-AA9D-462A815ABD39}
	EndGlobalSection
EndGlobal
